
Microsoft Visual Studio Solution File, Format Version 12.00
# Visual Studio Version 17
VisualStudioVersion = 17.7.34031.279
MinimumVisualStudioVersion = 10.0.40219.1
Project("{FAE04EC0-301F-11D3-BF4B-00C04F79EFBC}") = "Lab3", "Lab3.csproj", "{6BF0DAD7-EECD-4B0A-92AA-9121D7C0EFFE}"
EndProject
Global
	GlobalSection(SolutionConfigurationPlatforms) = preSolution
		Debug|Any CPU = Debug|Any CPU
		Release|Any CPU = Release|Any CPU
	EndGlobalSection
	GlobalSection(ProjectConfigurationPlatforms) = postSolution
		{6BF0DAD7-EECD-4B0A-92AA-9121D7C0EFFE}.Debug|Any CPU.ActiveCfg = Debug|Any CPU
		{6BF0DAD7-EECD-4B0A-92AA-9121D7C0EFFE}.Debug|Any CPU.Build.0 = Debug|Any CPU
		{6BF0DAD7-EECD-4B0A-92AA-9121D7C0EFFE}.Release|Any CPU.ActiveCfg = Release|Any CPU
		{6BF0DAD7-EECD-4B0A-92AA-9121D7C0EFFE}.Release|Any CPU.Build.0 = Release|Any CPU
	EndGlobalSection
	GlobalSection(SolutionProperties) = preSolution
		HideSolutionNode = FALSE
	EndGlobalSection
	GlobalSection(ExtensibilityGlobals) = postSolution
		SolutionGuid = {B9D15C5A-B639-477C-8463-C9A6FFB862CF}
	EndGlobalSection
EndGlobal
